
Microsoft Visual Studio Solution File, Format Version 12.00
# Visual Studio 15
VisualStudioVersion = 15.0.27703.2035
MinimumVisualStudioVersion = 10.0.40219.1
Project("{FAE04EC0-301F-11D3-BF4B-00C04F79EFBC}") = "BankEmulator", "BankEmulator\BankEmulator.csproj", "{FC995C88-BCC2-46B4-901C-5166B7FEAC50}"
EndProject
Global
	GlobalSection(SolutionConfigurationPlatforms) = preSolution
		Debug|Any CPU = Debug|Any CPU
		Release|Any CPU = Release|Any CPU
	EndGlobalSection
	GlobalSection(ProjectConfigurationPlatforms) = postSolution
		{FC995C88-BCC2-46B4-901C-5166B7FEAC50}.Debug|Any CPU.ActiveCfg = Debug|Any CPU
		{FC995C88-BCC2-46B4-901C-5166B7FEAC50}.Debug|Any CPU.Build.0 = Debug|Any CPU
		{FC995C88-BCC2-46B4-901C-5166B7FEAC50}.Release|Any CPU.ActiveCfg = Release|Any CPU
		{FC995C88-BCC2-46B4-901C-5166B7FEAC50}.Release|Any CPU.Build.0 = Release|Any CPU
	EndGlobalSection
	GlobalSection(SolutionProperties) = preSolution
		HideSolutionNode = FALSE
	EndGlobalSection
	GlobalSection(ExtensibilityGlobals) = postSolution
		SolutionGuid = {1FD2BAF4-D12C-463A-80E1-7B0D7F987E81}
	EndGlobalSection
EndGlobal
